{
  "nodes": {
    "nixpkgs": {
      "locked": {
        "lastModified": 1723175592,
        "narHash": "sha256-M0xJ3FbDUc4fRZ84dPGx5VvgFsOzds77KiBMW/mMTnI=",
        "owner": "NixOS",
        "repo": "nixpkgs",
        "rev": "5e0ca22929f3342b19569b21b2f3462f053e497b",
        "type": "github"
      },
      "original": {
        "id": "nixpkgs",
        "ref": "nixos-unstable",
        "type": "indirect"
      }
    },
    "ondsel-appimage-aarch64-linux": {
      "flake": false,
      "locked": {
        "narHash": "sha256-+5t+JbblTb8psKjLB/urN34ZsLnOSLuTGVzAiOmmWJg=",
        "type": "file",
        "url": "https://github.com/Ondsel-Development/FreeCAD/releases/download/2024.1.0/Ondsel_ES_2024.1.0.35694-Linux-aarch64.AppImage"
      },
      "original": {
        "type": "file",
        "url": "https://github.com/Ondsel-Development/FreeCAD/releases/download/2024.1.0/Ondsel_ES_2024.1.0.35694-Linux-aarch64.AppImage"
      }
    },
    "ondsel-appimage-x86_64-linux": {
      "flake": false,
      "locked": {
        "narHash": "sha256-VB/JmEdDhyOZNqPTWN7DyGXyxYO8BQYbo5nj+rHWByY=",
        "type": "file",
        "url": "https://github.com/Ondsel-Development/FreeCAD/releases/download/2024.1.0/Ondsel_ES_2024.1.0.35694-Linux-x86_64.AppImage"
      },
      "original": {
        "type": "file",
        "url": "https://github.com/Ondsel-Development/FreeCAD/releases/download/2024.1.0/Ondsel_ES_2024.1.0.35694-Linux-x86_64.AppImage"
      }
    },
    "ondsel-feedstock": {
      "flake": false,
      "locked": {
        "lastModified": 1722889356,
        "narHash": "sha256-Hzd7ZqjHVLji1euhOJBnnkMfvf3HMYytm6aV4Ghuu+o=",
        "owner": "Ondsel-Development",
        "repo": "freecad-feedstock",
        "rev": "04e63da3e06feb5253d4a2bcee7b10ee24f296e5",
        "type": "github"
      },
      "original": {
        "owner": "Ondsel-Development",
        "repo": "freecad-feedstock",
        "type": "github"
      }
    },
    "root": {
      "inputs": {
        "nixpkgs": "nixpkgs",
        "ondsel-appimage-aarch64-linux": "ondsel-appimage-aarch64-linux",
        "ondsel-appimage-x86_64-linux": "ondsel-appimage-x86_64-linux",
        "ondsel-feedstock": "ondsel-feedstock"
      }
    }
  },
  "root": "root",
  "version": 7
}
